
Microsoft Visual Studio Solution File, Format Version 12.00
# Visual Studio Version 17
VisualStudioVersion = 17.6.33801.468
MinimumVisualStudioVersion = 10.0.40219.1
Project("{FAE04EC0-301F-11D3-BF4B-00C04F79EFBC}") = "ProductsMVC", "ProductsMVC.csproj", "{92E09E97-23DA-461E-9EA1-DC0FFA188C48}"
EndProject
Global
	GlobalSection(SolutionConfigurationPlatforms) = preSolution
		Debug|Any CPU = Debug|Any CPU
		Release|Any CPU = Release|Any CPU
	EndGlobalSection
	GlobalSection(ProjectConfigurationPlatforms) = postSolution
		{92E09E97-23DA-461E-9EA1-DC0FFA188C48}.Debug|Any CPU.ActiveCfg = Debug|Any CPU
		{92E09E97-23DA-461E-9EA1-DC0FFA188C48}.Debug|Any CPU.Build.0 = Debug|Any CPU
		{92E09E97-23DA-461E-9EA1-DC0FFA188C48}.Release|Any CPU.ActiveCfg = Release|Any CPU
		{92E09E97-23DA-461E-9EA1-DC0FFA188C48}.Release|Any CPU.Build.0 = Release|Any CPU
	EndGlobalSection
	GlobalSection(SolutionProperties) = preSolution
		HideSolutionNode = FALSE
	EndGlobalSection
	GlobalSection(ExtensibilityGlobals) = postSolution
		SolutionGuid = {E1D98F61-43AC-496D-A73C-C0A2A5C156B7}
	EndGlobalSection
EndGlobal
